version = 1
requires-python = ">=3.12"

[[package]]
name = "alberto"
version = "0.1.0"
source = { virtual = "." }
dependencies = [
    { name = "sentry-sdk" },
]

[package.metadata]
requires-dist = [{ name = "sentry-sdk", specifier = "==2.24.1" }]

[[package]]
name = "certifi"
version = "2024.8.30"
source = { registry = "https://pypi.org/simple" }
sdist = { url = "https://files.pythonhosted.org/packages/b0/ee/9b19140fe824b367c04c5e1b369942dd754c4c5462d5674002f75c4dedc1/certifi-2024.8.30.tar.gz", hash = "sha256:bec941d2aa8195e248a60b31ff9f0558284cf01a52591ceda73ea9afffd69fd9", size = 168507 }
wheels = [
    { url = "https://files.pythonhosted.org/packages/12/90/3c9ff0512038035f59d279fddeb79f5f1eccd8859f06d6163c58798b9487/certifi-2024.8.30-py3-none-any.whl", hash = "sha256:922820b53db7a7257ffbda3f597266d435245903d80737e34f8a45ff3e3230d8", size = 167321 },
]

[[package]]
name = "sentry-sdk"
version = "2.24.1"
source = { registry = "https://pypi.org/simple" }
dependencies = [
    { name = "certifi" },
    { name = "urllib3" },
]
sdist = { url = "https://files.pythonhosted.org/packages/f1/ef/4847dcd63e3f3c451cf701a825d21200f1322d46ac97586d5c90a13dfea1/sentry_sdk-2.24.1.tar.gz", hash = "sha256:8ba3c29990fa48865b908b3b9dc5ae7fa7e72407c7c9e91303e5206b32d7b8b1", size = 318124 }
wheels = [
    { url = "https://files.pythonhosted.org/packages/65/95/91137ffe7a5956496155af5ffbe45ee4ddfa795a569136147e766abd14b1/sentry_sdk-2.24.1-py2.py3-none-any.whl", hash = "sha256:36baa6a1128b9d98d2adc5e9b2f887eff0a6af558fc2b96ed51919042413556d", size = 336945 },
]

[[package]]
name = "urllib3"
version = "2.2.3"
source = { registry = "https://pypi.org/simple" }
sdist = { url = "https://files.pythonhosted.org/packages/ed/63/22ba4ebfe7430b76388e7cd448d5478814d3032121827c12a2cc287e2260/urllib3-2.2.3.tar.gz", hash = "sha256:e7d814a81dad81e6caf2ec9fdedb284ecc9c73076b62654547cc64ccdcae26e9", size = 300677 }
wheels = [
    { url = "https://files.pythonhosted.org/packages/ce/d9/5f4c13cecde62396b0d3fe530a50ccea91e7dfc1ccf0e09c228841bb5ba8/urllib3-2.2.3-py3-none-any.whl", hash = "sha256:ca899ca043dcb1bafa3e262d73aa25c465bfb49e0bd9dd5d59f1d0acba2f8fac", size = 126338 },
]
